// !$*UTF8*$!
{
	archiveVersion = 1;
	classes = {
	};
	objectVersion = 46;
	objects = {

/* Begin PBXBuildFile section */
		7D1409A7EA4D4CA889DF9736 /* Pods_todoApp.framework in Frameworks */ = {isa = PBXBuildFile; fileRef = CBDEBE714C9B851E6A76930C /* Pods_todoApp.framework */; };
		821298471F102F4A00BB4FD2 /* Todo.swift in Sources */ = {isa = PBXBuildFile; fileRef = 821298461F102F4A00BB4FD2 /* Todo.swift */; };
		825AEF071F1010DB00FFBAE0 /* AppDelegate.swift in Sources */ = {isa = PBXBuildFile; fileRef = 825AEF061F1010DB00FFBAE0 /* AppDelegate.swift */; };
		825AEF091F1010DB00FFBAE0 /* ViewController.swift in Sources */ = {isa = PBXBuildFile; fileRef = 825AEF081F1010DB00FFBAE0 /* ViewController.swift */; };
		825AEF0C1F1010DB00FFBAE0 /* Main.storyboard in Resources */ = {isa = PBXBuildFile; fileRef = 825AEF0A1F1010DB00FFBAE0 /* Main.storyboard */; };
		825AEF0E1F1010DB00FFBAE0 /* Assets.xcassets in Resources */ = {isa = PBXBuildFile; fileRef = 825AEF0D1F1010DB00FFBAE0 /* Assets.xcassets */; };
		825AEF111F1010DB00FFBAE0 /* LaunchScreen.storyboard in Resources */ = {isa = PBXBuildFile; fileRef = 825AEF0F1F1010DB00FFBAE0 /* LaunchScreen.storyboard */; };
		825AEF191F10110300FFBAE0 /* GoogleService-Info.plist in Resources */ = {isa = PBXBuildFile; fileRef = 825AEF181F10110300FFBAE0 /* GoogleService-Info.plist */; };
/* End PBXBuildFile section */

/* Begin PBXFileReference section */
		821298461F102F4A00BB4FD2 /* Todo.swift */ = {isa = PBXFileReference; fileEncoding = 4; lastKnownFileType = sourcecode.swift; path = Todo.swift; sourceTree = "<group>"; };
		825AEF031F1010DB00FFBAE0 /* todoApp.app */ = {isa = PBXFileReference; explicitFileType = wrapper.application; includeInIndex = 0; path = todoApp.app; sourceTree = BUILT_PRODUCTS_DIR; };
		825AEF061F1010DB00FFBAE0 /* AppDelegate.swift */ = {isa = PBXFileReference; lastKnownFileType = sourcecode.swift; path = AppDelegate.swift; sourceTree = "<group>"; };
		825AEF081F1010DB00FFBAE0 /* ViewController.swift */ = {isa = PBXFileReference; lastKnownFileType = sourcecode.swift; path = ViewController.swift; sourceTree = "<group>"; };
		825AEF0B1F1010DB00FFBAE0 /* Base */ = {isa = PBXFileReference; lastKnownFileType = file.storyboard; name = Base; path = Base.lproj/Main.storyboard; sourceTree = "<group>"; };
		825AEF0D1F1010DB00FFBAE0 /* Assets.xcassets */ = {isa = PBXFileReference; lastKnownFileType = folder.assetcatalog; path = Assets.xcassets; sourceTree = "<group>"; };
		825AEF101F1010DB00FFBAE0 /* Base */ = {isa = PBXFileReference; lastKnownFileType = file.storyboard; name = Base; path = Base.lproj/LaunchScreen.storyboard; sourceTree = "<group>"; };
		825AEF121F1010DB00FFBAE0 /* Info.plist */ = {isa = PBXFileReference; lastKnownFileType = text.plist.xml; path = Info.plist; sourceTree = "<group>"; };
		825AEF181F10110300FFBAE0 /* GoogleService-Info.plist */ = {isa = PBXFileReference; fileEncoding = 4; lastKnownFileType = text.plist.xml; path = "GoogleService-Info.plist"; sourceTree = "<group>"; };
		9D5F091CC2B725C3A2371CC2 /* Pods-todoApp.release.xcconfig */ = {isa = PBXFileReference; includeInIndex = 1; lastKnownFileType = text.xcconfig; name = "Pods-todoApp.release.xcconfig"; path = "Pods/Target Support Files/Pods-todoApp/Pods-todoApp.release.xcconfig"; sourceTree = "<group>"; };
		B7B0C2BD2560A210167A7EF8 /* Pods-todoApp.debug.xcconfig */ = {isa = PBXFileReference; includeInIndex = 1; lastKnownFileType = text.xcconfig; name = "Pods-todoApp.debug.xcconfig"; path = "Pods/Target Support Files/Pods-todoApp/Pods-todoApp.debug.xcconfig"; sourceTree = "<group>"; };
		CBDEBE714C9B851E6A76930C /* Pods_todoApp.framework */ = {isa = PBXFileReference; explicitFileType = wrapper.framework; includeInIndex = 0; path = Pods_todoApp.framework; sourceTree = BUILT_PRODUCTS_DIR; };
/* End PBXFileReference section */

/* Begin PBXFrameworksBuildPhase section */
		825AEF001F1010DB00FFBAE0 /* Frameworks */ = {
			isa = PBXFrameworksBuildPhase;
			buildActionMask = 2147483647;
			files = (
				7D1409A7EA4D4CA889DF9736 /* Pods_todoApp.framework in Frameworks */,
			);
			runOnlyForDeploymentPostprocessing = 0;
		};
/* End PBXFrameworksBuildPhase section */

/* Begin PBXGroup section */
		43EB3EB0D10CECB6CB3B2C56 /* Pods */ = {
			isa = PBXGroup;
			children = (
				B7B0C2BD2560A210167A7EF8 /* Pods-todoApp.debug.xcconfig */,
				9D5F091CC2B725C3A2371CC2 /* Pods-todoApp.release.xcconfig */,
			);
			name = Pods;
			sourceTree = "<group>";
		};
		825AEEFA1F1010DA00FFBAE0 = {
			isa = PBXGroup;
			children = (
				825AEF051F1010DB00FFBAE0 /* todoApp */,
				825AEF041F1010DB00FFBAE0 /* Products */,
				43EB3EB0D10CECB6CB3B2C56 /* Pods */,
				864CEF5B79BA18069E163EA5 /* Frameworks */,
			);
			sourceTree = "<group>";
		};
		825AEF041F1010DB00FFBAE0 /* Products */ = {
			isa = PBXGroup;
			children = (
				825AEF031F1010DB00FFBAE0 /* todoApp.app */,
			);
			name = Products;
			sourceTree = "<group>";
		};
		825AEF051F1010DB00FFBAE0 /* todoApp */ = {
			isa = PBXGroup;
			children = (
				825AEF061F1010DB00FFBAE0 /* AppDelegate.swift */,
				825AEF081F1010DB00FFBAE0 /* ViewController.swift */,
				825AEF0A1F1010DB00FFBAE0 /* Main.storyboard */,
				825AEF0D1F1010DB00FFBAE0 /* Assets.xcassets */,
				825AEF0F1F1010DB00FFBAE0 /* LaunchScreen.storyboard */,
				825AEF121F1010DB00FFBAE0 /* Info.plist */,
				825AEF181F10110300FFBAE0 /* GoogleService-Info.plist */,
				821298461F102F4A00BB4FD2 /* Todo.swift */,
			);
			path = todoApp;
			sourceTree = "<group>";
		};
		864CEF5B79BA18069E163EA5 /* Frameworks */ = {
			isa = PBXGroup;
			children = (
				CBDEBE714C9B851E6A76930C /* Pods_todoApp.framework */,
			);
			name = Frameworks;
			sourceTree = "<group>";
		};
/* End PBXGroup section */

/* Begin PBXNativeTarget section */
		825AEF021F1010DB00FFBAE0 /* todoApp */ = {
			isa = PBXNativeTarget;
			buildConfigurationList = 825AEF151F1010DB00FFBAE0 /* Build configuration list for PBXNativeTarget "todoApp" */;
			buildPhases = (
				57FFABE386F66FE2A8376C7C /* [CP] Check Pods Manifest.lock */,
				825AEEFF1F1010DB00FFBAE0 /* Sources */,
				825AEF001F1010DB00FFBAE0 /* Frameworks */,
				825AEF011F1010DB00FFBAE0 /* Resources */,
				59266CA00B493BE2F3D8DE9B /* [CP] Embed Pods Frameworks */,
				BB1A2D13B9F1584A67EB51CA /* [CP] Copy Pods Resources */,
			);
			buildRules = (
			);
			dependencies = (
			);
			name = todoApp;
			productName = todoApp;
			productReference = 825AEF031F1010DB00FFBAE0 /* todoApp.app */;
			productType = "com.apple.product-type.application";
		};
/* End PBXNativeTarget section */

/* Begin PBXProject section */
		825AEEFB1F1010DA00FFBAE0 /* Project object */ = {
			isa = PBXProject;
			attributes = {
				LastSwiftUpdateCheck = 0830;
				LastUpgradeCheck = 0830;
				ORGANIZATIONNAME = "Swift-Beginners";
				TargetAttributes = {
					825AEF021F1010DB00FFBAE0 = {
						CreatedOnToolsVersion = 8.3.3;
						ProvisioningStyle = Automatic;
					};
				};
			};
			buildConfigurationList = 825AEEFE1F1010DA00FFBAE0 /* Build configuration list for PBXProject "todoApp" */;
			compatibilityVersion = "Xcode 3.2";
			developmentRegion = English;
			hasScannedForEncodings = 0;
			knownRegions = (
				en,
				Base,
			);
			mainGroup = 825AEEFA1F1010DA00FFBAE0;
			productRefGroup = 825AEF041F1010DB00FFBAE0 /* Products */;
			projectDirPath = "";
			projectRoot = "";
			targets = (
				825AEF021F1010DB00FFBAE0 /* todoApp */,
			);
		};
/* End PBXProject section */

/* Begin PBXResourcesBuildPhase section */
		825AEF011F1010DB00FFBAE0 /* Resources */ = {
			isa = PBXResourcesBuildPhase;
			buildActionMask = 2147483647;
			files = (
				825AEF111F1010DB00FFBAE0 /* LaunchScreen.storyboard in Resources */,
				825AEF191F10110300FFBAE0 /* GoogleService-Info.plist in Resources */,
				825AEF0E1F1010DB00FFBAE0 /* Assets.xcassets in Resources */,
				825AEF0C1F1010DB00FFBAE0 /* Main.storyboard in Resources */,
			);
			runOnlyForDeploymentPostprocessing = 0;
		};
/* End PBXResourcesBuildPhase section */

/* Begin PBXShellScriptBuildPhase section */
		57FFABE386F66FE2A8376C7C /* [CP] Check Pods Manifest.lock */ = {
			isa = PBXShellScriptBuildPhase;
			buildActionMask = 2147483647;
			files = (
			);
			inputPaths = (
			);
			name = "[CP] Check Pods Manifest.lock";
			outputPaths = (
			);
			runOnlyForDeploymentPostprocessing = 0;
			shellPath = /bin/sh;
			shellScript = "diff \"${PODS_PODFILE_DIR_PATH}/Podfile.lock\" \"${PODS_ROOT}/Manifest.lock\" > /dev/null\nif [ $? != 0 ] ; then\n    # print error to STDERR\n    echo \"error: The sandbox is not in sync with the Podfile.lock. Run 'pod install' or update your CocoaPods installation.\" >&2\n    exit 1\nfi\n";
			showEnvVarsInLog = 0;
		};
		59266CA00B493BE2F3D8DE9B /* [CP] Embed Pods Frameworks */ = {
			isa = PBXShellScriptBuildPhase;
			buildActionMask = 2147483647;
			files = (
			);
			inputPaths = (
			);
			name = "[CP] Embed Pods Frameworks";
			outputPaths = (
			);
			runOnlyForDeploymentPostprocessing = 0;
			shellPath = /bin/sh;
			shellScript = "\"${SRCROOT}/Pods/Target Support Files/Pods-todoApp/Pods-todoApp-frameworks.sh\"\n";
			showEnvVarsInLog = 0;
		};
		BB1A2D13B9F1584A67EB51CA /* [CP] Copy Pods Resources */ = {
			isa = PBXShellScriptBuildPhase;
			buildActionMask = 2147483647;
			files = (
			);
			inputPaths = (
			);
			name = "[CP] Copy Pods Resources";
			outputPaths = (
			);
			runOnlyForDeploymentPostprocessing = 0;
			shellPath = /bin/sh;
			shellScript = "\"${SRCROOT}/Pods/Target Support Files/Pods-todoApp/Pods-todoApp-resources.sh\"\n";
			showEnvVarsInLog = 0;
		};
/* End PBXShellScriptBuildPhase section */

/* Begin PBXSourcesBuildPhase section */
		825AEEFF1F1010DB00FFBAE0 /* Sources */ = {
			isa = PBXSourcesBuildPhase;
			buildActionMask = 2147483647;
			files = (
				825AEF091F1010DB00FFBAE0 /* ViewController.swift in Sources */,
				821298471F102F4A00BB4FD2 /* Todo.swift in Sources */,
				825AEF071F1010DB00FFBAE0 /* AppDelegate.swift in Sources */,
			);
			runOnlyForDeploymentPostprocessing = 0;
		};
/* End PBXSourcesBuildPhase section */

/* Begin PBXVariantGroup section */
		825AEF0A1F1010DB00FFBAE0 /* Main.storyboard */ = {
			isa = PBXVariantGroup;
			children = (
				825AEF0B1F1010DB00FFBAE0 /* Base */,
			);
			name = Main.storyboard;
			sourceTree = "<group>";
		};
		825AEF0F1F1010DB00FFBAE0 /* LaunchScreen.storyboard */ = {
			isa = PBXVariantGroup;
			children = (
				825AEF101F1010DB00FFBAE0 /* Base */,
			);
			name = LaunchScreen.storyboard;
			sourceTree = "<group>";
		};
/* End PBXVariantGroup section */

/* Begin XCBuildConfiguration section */
		825AEF131F1010DB00FFBAE0 /* Debug */ = {
			isa = XCBuildConfiguration;
			buildSettings = {
				ALWAYS_SEARCH_USER_PATHS = NO;
				CLANG_ANALYZER_NONNULL = YES;
				CLANG_ANALYZER_NUMBER_OBJECT_CONVERSION = YES_AGGRESSIVE;
				CLANG_CXX_LANGUAGE_STANDARD = "gnu++0x";
				CLANG_CXX_LIBRARY = "libc++";
				CLANG_ENABLE_MODULES = YES;
				CLANG_ENABLE_OBJC_ARC = YES;
				CLANG_WARN_BOOL_CONVERSION = YES;
				CLANG_WARN_CONSTANT_CONVERSION = YES;
				CLANG_WARN_DIRECT_OBJC_ISA_USAGE = YES_ERROR;
				CLANG_WARN_DOCUMENTATION_COMMENTS = YES;
				CLANG_WARN_EMPTY_BODY = YES;
				CLANG_WARN_ENUM_CONVERSION = YES;
				CLANG_WARN_INFINITE_RECURSION = YES;
				CLANG_WARN_INT_CONVERSION = YES;
				CLANG_WARN_OBJC_ROOT_CLASS = YES_ERROR;
				CLANG_WARN_SUSPICIOUS_MOVE = YES;
				CLANG_WARN_UNREACHABLE_CODE = YES;
				CLANG_WARN__DUPLICATE_METHOD_MATCH = YES;
				"CODE_SIGN_IDENTITY[sdk=iphoneos*]" = "iPhone Developer";
				COPY_PHASE_STRIP = NO;
				DEBUG_INFORMATION_FORMAT = dwarf;
				ENABLE_STRICT_OBJC_MSGSEND = YES;
				ENABLE_TESTABILITY = YES;
				GCC_C_LANGUAGE_STANDARD = gnu99;
				GCC_DYNAMIC_NO_PIC = NO;
				GCC_NO_COMMON_BLOCKS = YES;
				GCC_OPTIMIZATION_LEVEL = 0;
				GCC_PREPROCESSOR_DEFINITIONS = (
					"DEBUG=1",
					"$(inherited)",
				);
				GCC_WARN_64_TO_32_BIT_CONVERSION = YES;
				GCC_WARN_ABOUT_RETURN_TYPE = YES_ERROR;
				GCC_WARN_UNDECLARED_SELECTOR = YES;
				GCC_WARN_UNINITIALIZED_AUTOS = YES_AGGRESSIVE;
				GCC_WARN_UNUSED_FUNCTION = YES;
				GCC_WARN_UNUSED_VARIABLE = YES;
				IPHONEOS_DEPLOYMENT_TARGET = 10.3;
				MTL_ENABLE_DEBUG_INFO = YES;
				ONLY_ACTIVE_ARCH = YES;
				SDKROOT = iphoneos;
				SWIFT_ACTIVE_COMPILATION_CONDITIONS = DEBUG;
				SWIFT_OPTIMIZATION_LEVEL = "-Onone";
				TARGETED_DEVICE_FAMILY = "1,2";
			};
			name = Debug;
		};
		825AEF141F1010DB00FFBAE0 /* Release */ = {
			isa = XCBuildConfiguration;
			buildSettings = {
				ALWAYS_SEARCH_USER_PATHS = NO;
				CLANG_ANALYZER_NONNULL = YES;
				CLANG_ANALYZER_NUMBER_OBJECT_CONVERSION = YES_AGGRESSIVE;
				CLANG_CXX_LANGUAGE_STANDARD = "gnu++0x";
				CLANG_CXX_LIBRARY = "libc++";
				CLANG_ENABLE_MODULES = YES;
				CLANG_ENABLE_OBJC_ARC = YES;
				CLANG_WARN_BOOL_CONVERSION = YES;
				CLANG_WARN_CONSTANT_CONVERSION = YES;
				CLANG_WARN_DIRECT_OBJC_ISA_USAGE = YES_ERROR;
				CLANG_WARN_DOCUMENTATION_COMMENTS = YES;
				CLANG_WARN_EMPTY_BODY = YES;
				CLANG_WARN_ENUM_CONVERSION = YES;
				CLANG_WARN_INFINITE_RECURSION = YES;
				CLANG_WARN_INT_CONVERSION = YES;
				CLANG_WARN_OBJC_ROOT_CLASS = YES_ERROR;
				CLANG_WARN_SUSPICIOUS_MOVE = YES;
				CLANG_WARN_UNREACHABLE_CODE = YES;
				CLANG_WARN__DUPLICATE_METHOD_MATCH = YES;
				"CODE_SIGN_IDENTITY[sdk=iphoneos*]" = "iPhone Developer";
				COPY_PHASE_STRIP = NO;
				DEBUG_INFORMATION_FORMAT = "dwarf-with-dsym";
				ENABLE_NS_ASSERTIONS = NO;
				ENABLE_STRICT_OBJC_MSGSEND = YES;
				GCC_C_LANGUAGE_STANDARD = gnu99;
				GCC_NO_COMMON_BLOCKS = YES;
				GCC_WARN_64_TO_32_BIT_CONVERSION = YES;
				GCC_WARN_ABOUT_RETURN_TYPE = YES_ERROR;
				GCC_WARN_UNDECLARED_SELECTOR = YES;
				GCC_WARN_UNINITIALIZED_AUTOS = YES_AGGRESSIVE;
				GCC_WARN_UNUSED_FUNCTION = YES;
				GCC_WARN_UNUSED_VARIABLE = YES;
				IPHONEOS_DEPLOYMENT_TARGET = 10.3;
				MTL_ENABLE_DEBUG_INFO = NO;
				SDKROOT = iphoneos;
				SWIFT_OPTIMIZATION_LEVEL = "-Owholemodule";
				TARGETED_DEVICE_FAMILY = "1,2";
				VALIDATE_PRODUCT = YES;
			};
			name = Release;
		};
		825AEF161F1010DB00FFBAE0 /* Debug */ = {
			isa = XCBuildConfiguration;
			baseConfigurationReference = B7B0C2BD2560A210167A7EF8 /* Pods-todoApp.debug.xcconfig */;
			buildSettings = {
				ASSETCATALOG_COMPILER_APPICON_NAME = AppIcon;
				INFOPLIST_FILE = todoApp/Info.plist;
				LD_RUNPATH_SEARCH_PATHS = "$(inherited) @executable_path/Frameworks";
				PRODUCT_BUNDLE_IDENTIFIER = "Swift-Beginners.todoApp";
				PRODUCT_NAME = "$(TARGET_NAME)";
				SWIFT_VERSION = 3.0;
			};
			name = Debug;
		};
		825AEF171F1010DB00FFBAE0 /* Release */ = {
			isa = XCBuildConfiguration;
			baseConfigurationReference = 9D5F091CC2B725C3A2371CC2 /* Pods-todoApp.release.xcconfig */;
			buildSettings = {
				ASSETCATALOG_COMPILER_APPICON_NAME = AppIcon;
				INFOPLIST_FILE = todoApp/Info.plist;
				LD_RUNPATH_SEARCH_PATHS = "$(inherited) @executable_path/Frameworks";
				PRODUCT_BUNDLE_IDENTIFIER = "Swift-Beginners.todoApp";
				PRODUCT_NAME = "$(TARGET_NAME)";
				SWIFT_VERSION = 3.0;
			};
			name = Release;
		};
/* End XCBuildConfiguration section */

/* Begin XCConfigurationList section */
		825AEEFE1F1010DA00FFBAE0 /* Build configuration list for PBXProject "todoApp" */ = {
			isa = XCConfigurationList;
			buildConfigurations = (
				825AEF131F1010DB00FFBAE0 /* Debug */,
				825AEF141F1010DB00FFBAE0 /* Release */,
			);
			defaultConfigurationIsVisible = 0;
			defaultConfigurationName = Release;
		};
		825AEF151F1010DB00FFBAE0 /* Build configuration list for PBXNativeTarget "todoApp" */ = {
			isa = XCConfigurationList;
			buildConfigurations = (
				825AEF161F1010DB00FFBAE0 /* Debug */,
				825AEF171F1010DB00FFBAE0 /* Release */,
			);
			defaultConfigurationIsVisible = 0;
			defaultConfigurationName = Release;
		};
/* End XCConfigurationList section */
	};
	rootObject = 825AEEFB1F1010DA00FFBAE0 /* Project object */;
}
